
Microsoft Visual Studio Solution File, Format Version 12.00
# Visual Studio Version 17
VisualStudioVersion = 17.14.36414.22 d17.14
MinimumVisualStudioVersion = 10.0.40219.1
Project("{FAE04EC0-301F-11D3-BF4B-00C04F79EFBC}") = "Pet_Shop_Cart", "Pet_Shop_Cart\Pet_Shop_Cart.csproj", "{53511F9C-94B7-4713-93DE-DE6A59269BF0}"
EndProject
Global
	GlobalSection(SolutionConfigurationPlatforms) = preSolution
		Debug|Any CPU = Debug|Any CPU
		Release|Any CPU = Release|Any CPU
	EndGlobalSection
	GlobalSection(ProjectConfigurationPlatforms) = postSolution
		{53511F9C-94B7-4713-93DE-DE6A59269BF0}.Debug|Any CPU.ActiveCfg = Debug|Any CPU
		{53511F9C-94B7-4713-93DE-DE6A59269BF0}.Debug|Any CPU.Build.0 = Debug|Any CPU
		{53511F9C-94B7-4713-93DE-DE6A59269BF0}.Release|Any CPU.ActiveCfg = Release|Any CPU
		{53511F9C-94B7-4713-93DE-DE6A59269BF0}.Release|Any CPU.Build.0 = Release|Any CPU
	EndGlobalSection
	GlobalSection(SolutionProperties) = preSolution
		HideSolutionNode = FALSE
	EndGlobalSection
	GlobalSection(ExtensibilityGlobals) = postSolution
		SolutionGuid = {840ADFCB-9FCE-4F63-AC2B-1BC5E5C67AC1}
	EndGlobalSection
EndGlobal
